# This file is automatically @generated by Cargo.
# It is not intended for manual editing.
version = 3

[[package]]
name = "Inflector"
version = "0.11.4"
source = "registry+https://github.com/rust-lang/crates.io-index"
checksum = "fe438c63458706e03479442743baae6c88256498e6431708f6dfc520a26515d3"

[[package]]
name = "ahash"
version = "0.8.11"
source = "registry+https://github.com/rust-lang/crates.io-index"
checksum = "e89da841a80418a9b391ebaea17f5c112ffaaa96f621d2c285b5174da76b9011"
dependencies = [
 "cfg-if",
 "getrandom",
 "once_cell",
 "version_check",
 "zerocopy",
]

[[package]]
name = "aho-corasick"
version = "1.1.3"
source = "registry+https://github.com/rust-lang/crates.io-index"
checksum = "8e60d3430d3a69478ad0993f19238d2df97c507009a52b3c10addcd7f6bcb916"
dependencies = [
 "memchr",
]

[[package]]
name = "android-tzdata"
version = "0.1.1"
source = "registry+https://github.com/rust-lang/crates.io-index"
checksum = "e999941b234f3131b00bc13c22d06e8c5ff726d1b6318ac7eb276997bbb4fef0"

[[package]]
name = "android_system_properties"
version = "0.1.5"
source = "registry+https://github.com/rust-lang/crates.io-index"
checksum = "819e7219dbd41043ac279b19830f2efc897156490d7fd6ea916720117ee66311"
dependencies = [
 "libc",
]

[[package]]
name = "anyhow"
version = "1.0.89"
source = "registry+https://github.com/rust-lang/crates.io-index"
checksum = "86fdf8605db99b54d3cd748a44c6d04df638eb5dafb219b135d0149bd0db01f6"

[[package]]
name = "ascii"
version = "1.1.0"
source = "registry+https://github.com/rust-lang/crates.io-index"
checksum = "d92bec98840b8f03a5ff5413de5293bfcd8bf96467cf5452609f939ec6f5de16"

[[package]]
name = "atty"
version = "0.2.14"
source = "registry+https://github.com/rust-lang/crates.io-index"
checksum = "d9b39be18770d11421cdb1b9947a45dd3f37e93092cbf377614828a319d5fee8"
dependencies = [
 "hermit-abi 0.1.19",
 "libc",
 "winapi",
]

[[package]]
name = "autocfg"
version = "1.4.0"
source = "registry+https://github.com/rust-lang/crates.io-index"
checksum = "ace50bade8e6234aa140d9a2f552bbee1db4d353f69b8217bc503490fc1a9f26"

[[package]]
name = "bitflags"
version = "2.6.0"
source = "registry+https://github.com/rust-lang/crates.io-index"
checksum = "b048fb63fd8b5923fc5aa7b340d8e156aec7ec02f0c78fa8a6ddc2613f6f71de"

[[package]]
name = "bstr"
version = "0.2.17"
source = "registry+https://github.com/rust-lang/crates.io-index"
checksum = "ba3569f383e8f1598449f1a423e72e99569137b47740b1da11ef19af3d5c3223"
dependencies = [
 "lazy_static",
 "memchr",
 "regex-automata 0.1.10",
]

[[package]]
name = "bumpalo"
version = "3.16.0"
source = "registry+https://github.com/rust-lang/crates.io-index"
checksum = "79296716171880943b8470b5f8d03aa55eb2e645a4874bdbb28adb49162e012c"

[[package]]
name = "byteorder"
version = "1.5.0"
source = "registry+https://github.com/rust-lang/crates.io-index"
checksum = "1fd0f2584146f6f2ef48085050886acf353beff7305ebd1ae69500e27c67f64b"

[[package]]
name = "caseless"
version = "0.2.1"
source = "registry+https://github.com/rust-lang/crates.io-index"
checksum = "808dab3318747be122cb31d36de18d4d1c81277a76f8332a02b81a3d73463d7f"
dependencies = [
 "regex",
 "unicode-normalization",
]

[[package]]
name = "cc"
version = "1.1.24"
source = "registry+https://github.com/rust-lang/crates.io-index"
checksum = "812acba72f0a070b003d3697490d2b55b837230ae7c6c6497f05cc2ddbb8d938"
dependencies = [
 "shlex",
]

[[package]]
name = "cfg-if"
version = "1.0.0"
source = "registry+https://github.com/rust-lang/crates.io-index"
checksum = "baf1de4339761588bc0619e3cbc0120ee582ebb74b53b4efbf79117bd2da40fd"

[[package]]
name = "cfg_aliases"
version = "0.1.1"
source = "registry+https://github.com/rust-lang/crates.io-index"
checksum = "fd16c4719339c4530435d38e511904438d07cce7950afa3718a84ac36c10e89e"

[[package]]
name = "chrono"
version = "0.4.38"
source = "registry+https://github.com/rust-lang/crates.io-index"
checksum = "a21f936df1771bf62b77f047b726c4625ff2e8aa607c01ec06e5a05bd8463401"
dependencies = [
 "android-tzdata",
 "iana-time-zone",
 "js-sys",
 "num-traits",
 "wasm-bindgen",
 "windows-targets",
]

[[package]]
name = "clipboard-win"
version = "5.4.0"
source = "registry+https://github.com/rust-lang/crates.io-index"
checksum = "15efe7a882b08f34e38556b14f2fb3daa98769d06c7f0c1b076dfd0d983bc892"
dependencies = [
 "error-code",
]

[[package]]
name = "convert_case"
version = "0.4.0"
source = "registry+https://github.com/rust-lang/crates.io-index"
checksum = "6245d59a3e82a7fc217c5828a6692dbc6dfb63a0c8c90495621f7b9d79704a0e"

[[package]]
name = "core-foundation-sys"
version = "0.8.7"
source = "registry+https://github.com/rust-lang/crates.io-index"
checksum = "773648b94d0e5d620f64f280777445740e61fe701025087ec8b57f45c791888b"

[[package]]
name = "crossbeam-utils"
version = "0.8.20"
source = "registry+https://github.com/rust-lang/crates.io-index"
checksum = "22ec99545bb0ed0ea7bb9b8e1e9122ea386ff8a48c0922e43f36d45ab09e0e80"

[[package]]
name = "crunchy"
version = "0.2.2"
source = "registry+https://github.com/rust-lang/crates.io-index"
checksum = "7a81dae078cea95a014a339291cec439d2f232ebe854a9d672b796c6afafa9b7"

[[package]]
name = "derive_more"
version = "0.99.18"
source = "registry+https://github.com/rust-lang/crates.io-index"
checksum = "5f33878137e4dafd7fa914ad4e259e18a4e8e532b9617a2d0150262bf53abfce"
dependencies = [
 "convert_case",
 "proc-macro2",
 "quote",
 "rustc_version",
 "syn 2.0.79",
]

[[package]]
name = "either"
version = "1.13.0"
source = "registry+https://github.com/rust-lang/crates.io-index"
checksum = "60b1af1c220855b6ceac025d3f6ecdd2b7c4894bfe9cd9bda4fbb4bc7c0d4cf0"

[[package]]
name = "endian-type"
version = "0.1.2"
source = "registry+https://github.com/rust-lang/crates.io-index"
checksum = "c34f04666d835ff5d62e058c3995147c06f42fe86ff053337632bca83e42702d"

[[package]]
name = "equivalent"
version = "1.0.1"
source = "registry+https://github.com/rust-lang/crates.io-index"
checksum = "5443807d6dff69373d433ab9ef5378ad8df50ca6298caf15de6e52e24aaf54d5"

[[package]]
name = "errno"
version = "0.3.9"
source = "registry+https://github.com/rust-lang/crates.io-index"
checksum = "534c5cf6194dfab3db3242765c03bbe257cf92f22b38f6bc0c58d59108a820ba"
dependencies = [
 "libc",
 "windows-sys 0.52.0",
]

[[package]]
name = "error-code"
version = "3.3.1"
source = "registry+https://github.com/rust-lang/crates.io-index"
checksum = "a5d9305ccc6942a704f4335694ecd3de2ea531b114ac2d51f5f843750787a92f"

[[package]]
name = "exitcode"
version = "1.1.2"
source = "registry+https://github.com/rust-lang/crates.io-index"
checksum = "de853764b47027c2e862a995c34978ffa63c1501f2e15f987ba11bd4f9bba193"

[[package]]
name = "fd-lock"
version = "4.0.2"
source = "registry+https://github.com/rust-lang/crates.io-index"
checksum = "7e5768da2206272c81ef0b5e951a41862938a6070da63bcea197899942d3b947"
dependencies = [
 "cfg-if",
 "rustix",
 "windows-sys 0.52.0",
]

[[package]]
name = "getopts"
version = "0.2.21"
source = "registry+https://github.com/rust-lang/crates.io-index"
checksum = "14dbbfd5c71d70241ecf9e6f13737f7b5ce823821063188d7e46c41d371eebd5"
dependencies = [
 "unicode-width",
]

[[package]]
name = "getrandom"
version = "0.2.15"
source = "registry+https://github.com/rust-lang/crates.io-index"
checksum = "c4567c8db10ae91089c99af84c68c38da3ec2f087c3f82960bcdbf3656b6f4d7"
dependencies = [
 "cfg-if",
 "js-sys",
 "libc",
 "wasi",
 "wasm-bindgen",
]

[[package]]
name = "glob"
version = "0.3.1"
source = "registry+https://github.com/rust-lang/crates.io-index"
checksum = "d2fabcfbdc87f4758337ca535fb41a6d701b65693ce38287d856d1674551ec9b"

[[package]]
name = "half"
version = "1.8.3"
source = "registry+https://github.com/rust-lang/crates.io-index"
checksum = "1b43ede17f21864e81be2fa654110bf1e793774238d86ef8555c37e6519c0403"

[[package]]
name = "hashbrown"
version = "0.14.5"
source = "registry+https://github.com/rust-lang/crates.io-index"
checksum = "e5274423e17b7c9fc20b6e7e208532f9b19825d82dfd615708b70edd83df41f1"
dependencies = [
 "ahash",
]

[[package]]
name = "hashbrown"
version = "0.15.0"
source = "registry+https://github.com/rust-lang/crates.io-index"
checksum = "1e087f84d4f86bf4b218b927129862374b72199ae7d8657835f1e89000eea4fb"

[[package]]
name = "heck"
version = "0.4.1"
source = "registry+https://github.com/rust-lang/crates.io-index"
checksum = "95505c38b4572b2d910cecb0281560f54b440a19336cbbcb27bf6ce6adc6f5a8"

[[package]]
name = "hermit-abi"
version = "0.1.19"
source = "registry+https://github.com/rust-lang/crates.io-index"
checksum = "62b467343b94ba476dcb2500d242dadbb39557df889310ac77c5d99100aaac33"
dependencies = [
 "libc",
]

[[package]]
name = "hermit-abi"
version = "0.3.9"
source = "registry+https://github.com/rust-lang/crates.io-index"
checksum = "d231dfb89cfffdbc30e7fc41579ed6066ad03abda9e567ccafae602b97ec5024"

[[package]]
name = "hex"
version = "0.4.3"
source = "registry+https://github.com/rust-lang/crates.io-index"
checksum = "7f24254aa9a54b5c858eaee2f5bccdb46aaf0e486a595ed5fd8f86ba55232a70"

[[package]]
name = "hexf-parse"
version = "0.2.1"
source = "registry+https://github.com/rust-lang/crates.io-index"
checksum = "dfa686283ad6dd069f105e5ab091b04c62850d3e4cf5d67debad1933f55023df"

[[package]]
name = "home"
version = "0.5.9"
source = "registry+https://github.com/rust-lang/crates.io-index"
checksum = "e3d1354bf6b7235cb4a0576c2619fd4ed18183f689b12b006a0ee7329eeff9a5"
dependencies = [
 "windows-sys 0.52.0",
]

[[package]]
name = "iana-time-zone"
version = "0.1.61"
source = "registry+https://github.com/rust-lang/crates.io-index"
checksum = "235e081f3925a06703c2d0117ea8b91f042756fd6e7a6e5d901e8ca1a996b220"
dependencies = [
 "android_system_properties",
 "core-foundation-sys",
 "iana-time-zone-haiku",
 "js-sys",
 "wasm-bindgen",
 "windows-core",
]

[[package]]
name = "iana-time-zone-haiku"
version = "0.1.2"
source = "registry+https://github.com/rust-lang/crates.io-index"
checksum = "f31827a206f56af32e590ba56d5d2d085f558508192593743f16b2306495269f"
dependencies = [
 "cc",
]

[[package]]
name = "indexmap"
version = "2.6.0"
source = "registry+https://github.com/rust-lang/crates.io-index"
checksum = "707907fe3c25f5424cce2cb7e1cbcafee6bdbe735ca90ef77c29e84591e5b9da"
dependencies = [
 "equivalent",
 "hashbrown 0.15.0",
]

[[package]]
name = "is-macro"
version = "0.3.6"
source = "registry+https://github.com/rust-lang/crates.io-index"
checksum = "2069faacbe981460232f880d26bf3c7634e322d49053aa48c27e3ae642f728f1"
dependencies = [
 "Inflector",
 "proc-macro2",
 "quote",
 "syn 2.0.79",
]

[[package]]
name = "itertools"
version = "0.11.0"
source = "registry+https://github.com/rust-lang/crates.io-index"
checksum = "b1c173a5686ce8bfa551b3563d0c2170bf24ca44da99c7ca4bfdab5418c3fe57"
dependencies = [
 "either",
]

[[package]]
name = "js-sys"
version = "0.3.70"
source = "registry+https://github.com/rust-lang/crates.io-index"
checksum = "1868808506b929d7b0cfa8f75951347aa71bb21144b7791bae35d9bccfcfe37a"
dependencies = [
 "wasm-bindgen",
]

[[package]]
name = "junction"
version = "1.2.0"
source = "registry+https://github.com/rust-lang/crates.io-index"
checksum = "72bbdfd737a243da3dfc1f99ee8d6e166480f17ab4ac84d7c34aacd73fc7bd16"
dependencies = [
 "scopeguard",
 "windows-sys 0.52.0",
]

[[package]]
name = "lalrpop-util"
version = "0.20.2"
source = "registry+https://github.com/rust-lang/crates.io-index"
checksum = "507460a910eb7b32ee961886ff48539633b788a36b65692b95f225b844c82553"

[[package]]
name = "lazy_static"
version = "1.5.0"
source = "registry+https://github.com/rust-lang/crates.io-index"
checksum = "bbd2bcb4c963f2ddae06a2efc7e9f3591312473c50c6685e1f298068316e66fe"

[[package]]
name = "lexical-parse-float"
version = "0.8.5"
source = "registry+https://github.com/rust-lang/crates.io-index"
checksum = "683b3a5ebd0130b8fb52ba0bdc718cc56815b6a097e28ae5a6997d0ad17dc05f"
dependencies = [
 "lexical-parse-integer",
 "lexical-util",
 "static_assertions",
]

[[package]]
name = "lexical-parse-integer"
version = "0.8.6"
source = "registry+https://github.com/rust-lang/crates.io-index"
checksum = "6d0994485ed0c312f6d965766754ea177d07f9c00c9b82a5ee62ed5b47945ee9"
dependencies = [
 "lexical-util",
 "static_assertions",
]

[[package]]
name = "lexical-util"
version = "0.8.5"
source = "registry+https://github.com/rust-lang/crates.io-index"
checksum = "5255b9ff16ff898710eb9eb63cb39248ea8a5bb036bea8085b1a767ff6c4e3fc"
dependencies = [
 "static_assertions",
]

[[package]]
name = "libc"
version = "0.2.159"
source = "registry+https://github.com/rust-lang/crates.io-index"
checksum = "561d97a539a36e26a9a5fad1ea11a3039a67714694aaa379433e580854bc3dc5"

[[package]]
name = "libm"
version = "0.2.8"
source = "registry+https://github.com/rust-lang/crates.io-index"
checksum = "4ec2a862134d2a7d32d7983ddcdd1c4923530833c9f2ea1a44fc5fa473989058"

[[package]]
name = "linux-raw-sys"
version = "0.4.14"
source = "registry+https://github.com/rust-lang/crates.io-index"
checksum = "78b3ae25bc7c8c38cec158d1f2757ee79e9b3740fbc7ccf0e59e4b08d793fa89"

[[package]]
name = "lock_api"
version = "0.4.12"
source = "registry+https://github.com/rust-lang/crates.io-index"
checksum = "07af8b9cdd281b7915f413fa73f29ebd5d55d0d3f0155584dade1ff18cea1b17"
dependencies = [
 "autocfg",
 "scopeguard",
]

[[package]]
name = "log"
version = "0.4.22"
source = "registry+https://github.com/rust-lang/crates.io-index"
checksum = "a7a70ba024b9dc04c27ea2f0c0548feb474ec5c54bba33a7f72f873a39d07b24"

[[package]]
name = "lz4_flex"
version = "0.11.3"
source = "registry+https://github.com/rust-lang/crates.io-index"
checksum = "75761162ae2b0e580d7e7c390558127e5f01b4194debd6221fd8c207fc80e3f5"
dependencies = [
 "twox-hash",
]

[[package]]
name = "malachite"
version = "0.4.16"
source = "registry+https://github.com/rust-lang/crates.io-index"
checksum = "5616515d632967cd329b6f6db96be9a03ea0b3a49cdbc45b0016803dad8a77b7"
dependencies = [
 "malachite-base",
 "malachite-nz",
 "malachite-q",
]

[[package]]
name = "malachite-base"
version = "0.4.16"
source = "registry+https://github.com/rust-lang/crates.io-index"
checksum = "46059721011b0458b7bd6d9179be5d0b60294281c23320c207adceaecc54d13b"
dependencies = [
 "hashbrown 0.14.5",
 "itertools",
 "libm",
 "ryu",
]

[[package]]
name = "malachite-bigint"
version = "0.2.0"
source = "registry+https://github.com/rust-lang/crates.io-index"
checksum = "17703a19c80bbdd0b7919f0f104f3b0597f7de4fc4e90a477c15366a5ba03faa"
dependencies = [
 "derive_more",
 "malachite",
 "num-integer",
 "num-traits",
 "paste",
]

[[package]]
name = "malachite-nz"
version = "0.4.16"
source = "registry+https://github.com/rust-lang/crates.io-index"
checksum = "1503b27e825cabd1c3d0ff1e95a39fb2ec9eab6fd3da6cfa41aec7091d273e78"
dependencies = [
 "itertools",
 "libm",
 "malachite-base",
]

[[package]]
name = "malachite-q"
version = "0.4.16"
source = "registry+https://github.com/rust-lang/crates.io-index"
checksum = "a475503a70a3679dbe3b9b230a23622516742528ba614a7b2490f180ea9cb514"
dependencies = [
 "itertools",
 "malachite-base",
 "malachite-nz",
]

[[package]]
name = "maplit"
version = "1.0.2"
source = "registry+https://github.com/rust-lang/crates.io-index"
checksum = "3e2e65a1a2e43cfcb47a895c4c8b10d1f4a61097f9f254f183aee60cad9c651d"

[[package]]
name = "matches"
version = "0.1.10"
source = "registry+https://github.com/rust-lang/crates.io-index"
checksum = "2532096657941c2fea9c289d370a250971c689d4f143798ff67113ec042024a5"

[[package]]
name = "memchr"
version = "2.7.4"
source = "registry+https://github.com/rust-lang/crates.io-index"
checksum = "78ca9ab1a0babb1e7d5695e3530886289c18cf2f87ec19a575a0abdce112e3a3"

[[package]]
name = "memoffset"
version = "0.9.1"
source = "registry+https://github.com/rust-lang/crates.io-index"
checksum = "488016bfae457b036d996092f6cb448677611ce4449e970ceaf42695203f218a"
dependencies = [
 "autocfg",
]

[[package]]
name = "nibble_vec"
version = "0.1.0"
source = "registry+https://github.com/rust-lang/crates.io-index"
checksum = "77a5d83df9f36fe23f0c3648c6bbb8b0298bb5f1939c8f2704431371f4b84d43"
dependencies = [
 "smallvec",
]

[[package]]
name = "nix"
version = "0.27.1"
source = "registry+https://github.com/rust-lang/crates.io-index"
checksum = "2eb04e9c688eff1c89d72b407f168cf79bb9e867a9d3323ed6c01519eb9cc053"
dependencies = [
 "bitflags",
 "cfg-if",
 "libc",
 "memoffset",
]

[[package]]
name = "nix"
version = "0.28.0"
source = "registry+https://github.com/rust-lang/crates.io-index"
checksum = "ab2156c4fce2f8df6c499cc1c763e4394b7482525bf2a9701c9d79d215f519e4"
dependencies = [
 "bitflags",
 "cfg-if",
 "cfg_aliases",
 "libc",
]

[[package]]
name = "num-complex"
version = "0.4.6"
source = "registry+https://github.com/rust-lang/crates.io-index"
checksum = "73f88a1307638156682bada9d7604135552957b7818057dcef22705b4d509495"
dependencies = [
 "num-traits",
]

[[package]]
name = "num-integer"
version = "0.1.46"
source = "registry+https://github.com/rust-lang/crates.io-index"
checksum = "7969661fd2958a5cb096e56c8e1ad0444ac2bbcd0061bd28660485a44879858f"
dependencies = [
 "num-traits",
]

[[package]]
name = "num-traits"
version = "0.2.19"
source = "registry+https://github.com/rust-lang/crates.io-index"
checksum = "071dfc062690e90b734c0b2273ce72ad0ffa95f0c74596bc250dcfd960262841"
dependencies = [
 "autocfg",
]

[[package]]
name = "num_cpus"
version = "1.16.0"
source = "registry+https://github.com/rust-lang/crates.io-index"
checksum = "4161fcb6d602d4d2081af7c3a45852d875a03dd337a6bfdd6e06407b61342a43"
dependencies = [
 "hermit-abi 0.3.9",
 "libc",
]

[[package]]
name = "num_enum"
version = "0.7.3"
source = "registry+https://github.com/rust-lang/crates.io-index"
checksum = "4e613fc340b2220f734a8595782c551f1250e969d87d3be1ae0579e8d4065179"
dependencies = [
 "num_enum_derive",
]

[[package]]
name = "num_enum_derive"
version = "0.7.3"
source = "registry+https://github.com/rust-lang/crates.io-index"
checksum = "af1844ef2428cc3e1cb900be36181049ef3d3193c63e43026cfe202983b27a56"
dependencies = [
 "proc-macro-crate",
 "proc-macro2",
 "quote",
 "syn 2.0.79",
]

[[package]]
name = "once_cell"
version = "1.20.1"
source = "registry+https://github.com/rust-lang/crates.io-index"
checksum = "82881c4be219ab5faaf2ad5e5e5ecdff8c66bd7402ca3160975c93b24961afd1"
dependencies = [
 "portable-atomic",
]

[[package]]
name = "optional"
version = "0.5.0"
source = "registry+https://github.com/rust-lang/crates.io-index"
checksum = "978aa494585d3ca4ad74929863093e87cac9790d81fe7aba2b3dc2890643a0fc"

[[package]]
name = "parking_lot"
version = "0.12.3"
source = "registry+https://github.com/rust-lang/crates.io-index"
checksum = "f1bf18183cf54e8d6059647fc3063646a1801cf30896933ec2311622cc4b9a27"
dependencies = [
 "lock_api",
 "parking_lot_core",
]

[[package]]
name = "parking_lot_core"
version = "0.9.10"
source = "registry+https://github.com/rust-lang/crates.io-index"
checksum = "1e401f977ab385c9e4e3ab30627d6f26d00e2c73eef317493c4ec6d468726cf8"
dependencies = [
 "cfg-if",
 "libc",
 "redox_syscall",
 "smallvec",
 "windows-targets",
]

[[package]]
name = "paste"
version = "1.0.15"
source = "registry+https://github.com/rust-lang/crates.io-index"
checksum = "57c0d7b74b563b49d38dae00a0c37d4d6de9b432382b2892f0574ddcae73fd0a"

[[package]]
name = "phf"
version = "0.11.2"
source = "registry+https://github.com/rust-lang/crates.io-index"
checksum = "ade2d8b8f33c7333b51bcf0428d37e217e9f32192ae4772156f65063b8ce03dc"
dependencies = [
 "phf_shared",
]

[[package]]
name = "phf_codegen"
version = "0.11.2"
source = "registry+https://github.com/rust-lang/crates.io-index"
checksum = "e8d39688d359e6b34654d328e262234662d16cc0f60ec8dcbe5e718709342a5a"
dependencies = [
 "phf_generator",
 "phf_shared",
]

[[package]]
name = "phf_generator"
version = "0.11.2"
source = "registry+https://github.com/rust-lang/crates.io-index"
checksum = "48e4cc64c2ad9ebe670cb8fd69dd50ae301650392e81c05f9bfcb2d5bdbc24b0"
dependencies = [
 "phf_shared",
 "rand",
]

[[package]]
name = "phf_shared"
version = "0.11.2"
source = "registry+https://github.com/rust-lang/crates.io-index"
checksum = "90fcb95eef784c2ac79119d1dd819e162b5da872ce6f3c3abe1e8ca1c082f72b"
dependencies = [
 "siphasher",
]

[[package]]
name = "pmutil"
version = "0.5.3"
source = "registry+https://github.com/rust-lang/crates.io-index"
checksum = "3894e5d549cccbe44afecf72922f277f603cd4bb0219c8342631ef18fffbe004"
dependencies = [
 "proc-macro2",
 "quote",
 "syn 1.0.109",
]

[[package]]
name = "portable-atomic"
version = "1.9.0"
source = "registry+https://github.com/rust-lang/crates.io-index"
checksum = "cc9c68a3f6da06753e9335d63e27f6b9754dd1920d941135b7ea8224f141adb2"

[[package]]
name = "ppv-lite86"
version = "0.2.20"
source = "registry+https://github.com/rust-lang/crates.io-index"
checksum = "77957b295656769bb8ad2b6a6b09d897d94f05c41b069aede1fcdaa675eaea04"
dependencies = [
 "zerocopy",
]

[[package]]
name = "proc-macro-crate"
version = "3.2.0"
source = "registry+https://github.com/rust-lang/crates.io-index"
checksum = "8ecf48c7ca261d60b74ab1a7b20da18bede46776b2e55535cb958eb595c5fa7b"
dependencies = [
 "toml_edit",
]

[[package]]
name = "proc-macro2"
version = "1.0.86"
source = "registry+https://github.com/rust-lang/crates.io-index"
checksum = "5e719e8df665df0d1c8fbfd238015744736151d4445ec0836b8e628aae103b77"
dependencies = [
 "unicode-ident",
]

[[package]]
name = "py"
version = "0.1.0"
dependencies = [
 "rustpython-vm",
]

[[package]]
name = "quote"
version = "1.0.37"
source = "registry+https://github.com/rust-lang/crates.io-index"
checksum = "b5b9d34b8991d19d98081b46eacdd8eb58c6f2b201139f7c5f643cc155a633af"
dependencies = [
 "proc-macro2",
]

[[package]]
name = "radium"
version = "0.7.0"
source = "registry+https://github.com/rust-lang/crates.io-index"
checksum = "dc33ff2d4973d518d823d61aa239014831e521c75da58e3df4840d3f47749d09"

[[package]]
name = "radix_trie"
version = "0.2.1"
source = "registry+https://github.com/rust-lang/crates.io-index"
checksum = "c069c179fcdc6a2fe24d8d18305cf085fdbd4f922c041943e203685d6a1c58fd"
dependencies = [
 "endian-type",
 "nibble_vec",
]

[[package]]
name = "rand"
version = "0.8.5"
source = "registry+https://github.com/rust-lang/crates.io-index"
checksum = "34af8d1a0e25924bc5b7c43c079c942339d8f0a8b57c39049bef581b46327404"
dependencies = [
 "libc",
 "rand_chacha",
 "rand_core",
]

[[package]]
name = "rand_chacha"
version = "0.3.1"
source = "registry+https://github.com/rust-lang/crates.io-index"
checksum = "e6c10a63a0fa32252be49d21e7709d4d4baf8d231c2dbce1eaa8141b9b127d88"
dependencies = [
 "ppv-lite86",
 "rand_core",
]

[[package]]
name = "rand_core"
version = "0.6.4"
source = "registry+https://github.com/rust-lang/crates.io-index"
checksum = "ec0be4795e2f6a28069bec0b5ff3e2ac9bafc99e6a9a7dc3547996c5c816922c"
dependencies = [
 "getrandom",
]

[[package]]
name = "redox_syscall"
version = "0.5.7"
source = "registry+https://github.com/rust-lang/crates.io-index"
checksum = "9b6dfecf2c74bce2466cabf93f6664d6998a69eb21e39f4207930065b27b771f"
dependencies = [
 "bitflags",
]

[[package]]
name = "regex"
version = "1.11.0"
source = "registry+https://github.com/rust-lang/crates.io-index"
checksum = "38200e5ee88914975b69f657f0801b6f6dccafd44fd9326302a4aaeecfacb1d8"
dependencies = [
 "aho-corasick",
 "memchr",
 "regex-automata 0.4.8",
 "regex-syntax",
]

[[package]]
name = "regex-automata"
version = "0.1.10"
source = "registry+https://github.com/rust-lang/crates.io-index"
checksum = "6c230d73fb8d8c1b9c0b3135c5142a8acee3a0558fb8db5cf1cb65f8d7862132"

[[package]]
name = "regex-automata"
version = "0.4.8"
source = "registry+https://github.com/rust-lang/crates.io-index"
checksum = "368758f23274712b504848e9d5a6f010445cc8b87a7cdb4d7cbee666c1288da3"
dependencies = [
 "aho-corasick",
 "memchr",
 "regex-syntax",
]

[[package]]
name = "regex-syntax"
version = "0.8.5"
source = "registry+https://github.com/rust-lang/crates.io-index"
checksum = "2b15c43186be67a4fd63bee50d0303afffcef381492ebe2c5d87f324e1b8815c"

[[package]]
name = "result-like"
version = "0.4.6"
source = "registry+https://github.com/rust-lang/crates.io-index"
checksum = "ccc7ce6435c33898517a30e85578cd204cbb696875efb93dec19a2d31294f810"
dependencies = [
 "result-like-derive",
]

[[package]]
name = "result-like-derive"
version = "0.4.6"
source = "registry+https://github.com/rust-lang/crates.io-index"
checksum = "1fabf0a2e54f711c68c50d49f648a1a8a37adcb57353f518ac4df374f0788f42"
dependencies = [
 "pmutil",
 "proc-macro2",
 "quote",
 "syn 1.0.109",
 "syn-ext",
]

[[package]]
name = "rustc-hash"
version = "1.1.0"
source = "registry+https://github.com/rust-lang/crates.io-index"
checksum = "08d43f7aa6b08d49f382cde6a7982047c3426db949b1424bc4b7ec9ae12c6ce2"

[[package]]
name = "rustc_version"
version = "0.4.1"
source = "registry+https://github.com/rust-lang/crates.io-index"
checksum = "cfcb3a22ef46e85b45de6ee7e79d063319ebb6594faafcf1c225ea92ab6e9b92"
dependencies = [
 "semver",
]

[[package]]
name = "rustix"
version = "0.38.37"
source = "registry+https://github.com/rust-lang/crates.io-index"
checksum = "8acb788b847c24f28525660c4d7758620a7210875711f79e7f663cc152726811"
dependencies = [
 "bitflags",
 "errno",
 "libc",
 "linux-raw-sys",
 "windows-sys 0.52.0",
]

[[package]]
name = "rustpython-ast"
version = "0.4.0"
source = "registry+https://github.com/rust-lang/crates.io-index"
checksum = "4cdaf8ee5c1473b993b398c174641d3aa9da847af36e8d5eb8291930b72f31a5"
dependencies = [
 "is-macro",
 "malachite-bigint",
 "rustpython-literal",
 "rustpython-parser-core",
 "static_assertions",
]

[[package]]
name = "rustpython-codegen"
version = "0.4.0"
source = "registry+https://github.com/rust-lang/crates.io-index"
checksum = "41f101783403a69155ba7b52d8365d796c772a0bfca7df0a5f16d267f3443986"
dependencies = [
 "ahash",
 "bitflags",
 "indexmap",
 "itertools",
 "log",
 "num-complex",
 "num-traits",
 "rustpython-ast",
 "rustpython-compiler-core",
 "rustpython-parser-core",
]

[[package]]
name = "rustpython-common"
version = "0.4.0"
source = "registry+https://github.com/rust-lang/crates.io-index"
checksum = "d22a5c520662f0ff98d717e2c4e52d8ba35eb1d99ee771dbdba7f09908b75bbb"
dependencies = [
 "ascii",
 "bitflags",
 "bstr",
 "cfg-if",
 "itertools",
 "libc",
 "lock_api",
 "malachite-base",
 "malachite-bigint",
 "malachite-q",
 "num-complex",
 "num-traits",
 "once_cell",
 "radium",
 "rand",
 "rustpython-format",
 "siphasher",
 "volatile",
 "widestring",
 "windows-sys 0.52.0",
]

[[package]]
name = "rustpython-compiler"
version = "0.4.0"
source = "registry+https://github.com/rust-lang/crates.io-index"
checksum = "f1c0ad9d5b948970d41b113cfc9ffe2337b10fdd41e0c92a859b9ed33c218efe"
dependencies = [
 "rustpython-codegen",
 "rustpython-compiler-core",
 "rustpython-parser",
]

[[package]]
name = "rustpython-compiler-core"
version = "0.4.0"
source = "registry+https://github.com/rust-lang/crates.io-index"
checksum = "8bd4e0c9fb7b3c70eb27b38d533edc0aa4875ea38cb06e12d76e234d00ef9766"
dependencies = [
 "bitflags",
 "itertools",
 "lz4_flex",
 "malachite-bigint",
 "num-complex",
 "rustpython-parser-core",
]

[[package]]
name = "rustpython-derive"
version = "0.4.0"
source = "registry+https://github.com/rust-lang/crates.io-index"
checksum = "71c39620497116ce2996bcc679f9be4f47c1e8915c7ff9a9f0324e9584280660"
dependencies = [
 "rustpython-compiler",
 "rustpython-derive-impl",
 "syn 1.0.109",
]

[[package]]
name = "rustpython-derive-impl"
version = "0.4.0"
source = "registry+https://github.com/rust-lang/crates.io-index"
checksum = "7dd18fa95c71a08ecc9cce739a608f5bff38805963152e671b66f5f266f0e58d"
dependencies = [
 "itertools",
 "maplit",
 "once_cell",
 "proc-macro2",
 "quote",
 "rustpython-compiler-core",
 "rustpython-doc",
 "rustpython-parser-core",
 "syn 1.0.109",
 "syn-ext",
 "textwrap",
]

[[package]]
name = "rustpython-doc"
version = "0.3.0"
source = "registry+https://github.com/rust-lang/crates.io-index"
checksum = "1885d19895d9d29656a8a2b33e967a482b92f3d891b4fd923e40849714051bcd"
dependencies = [
 "once_cell",
]

[[package]]
name = "rustpython-format"
version = "0.4.0"
source = "registry+https://github.com/rust-lang/crates.io-index"
checksum = "0389039b132ad8e350552d771270ccd03186985696764bcee2239694e7839942"
dependencies = [
 "bitflags",
 "itertools",
 "malachite-bigint",
 "num-traits",
 "rustpython-literal",
]

[[package]]
name = "rustpython-literal"
version = "0.4.0"
source = "registry+https://github.com/rust-lang/crates.io-index"
checksum = "a8304be3cae00232a1721a911033e55877ca3810215f66798e964a2d8d22281d"
dependencies = [
 "hexf-parse",
 "is-macro",
 "lexical-parse-float",
 "num-traits",
 "unic-ucd-category",
]

[[package]]
name = "rustpython-parser"
version = "0.4.0"
source = "registry+https://github.com/rust-lang/crates.io-index"
checksum = "868f724daac0caf9bd36d38caf45819905193a901e8f1c983345a68e18fb2abb"
dependencies = [
 "anyhow",
 "is-macro",
 "itertools",
 "lalrpop-util",
 "log",
 "malachite-bigint",
 "num-traits",
 "phf",
 "phf_codegen",
 "rustc-hash",
 "rustpython-ast",
 "rustpython-parser-core",
 "tiny-keccak",
 "unic-emoji-char",
 "unic-ucd-ident",
 "unicode_names2",
]

[[package]]
name = "rustpython-parser-core"
version = "0.4.0"
source = "registry+https://github.com/rust-lang/crates.io-index"
checksum = "b4b6c12fa273825edc7bccd9a734f0ad5ba4b8a2f4da5ff7efe946f066d0f4ad"
dependencies = [
 "is-macro",
 "memchr",
 "rustpython-parser-vendored",
]

[[package]]
name = "rustpython-parser-vendored"
version = "0.4.0"
source = "registry+https://github.com/rust-lang/crates.io-index"
checksum = "04fcea49a4630a3a5d940f4d514dc4f575ed63c14c3e3ed07146634aed7f67a6"
dependencies = [
 "memchr",
 "once_cell",
]

[[package]]
name = "rustpython-sre_engine"
version = "0.4.0"
source = "registry+https://github.com/rust-lang/crates.io-index"
checksum = "39367be5d48e1e5caaa146904ea8d35fe43928168fbeb5c1ab295a0031b179c6"
dependencies = [
 "bitflags",
 "num_enum",
 "optional",
]

[[package]]
name = "rustpython-vm"
version = "0.4.0"
source = "registry+https://github.com/rust-lang/crates.io-index"
checksum = "2878cc4b5679f35fa762891d812ca7e011ae7cd41b5c532eb0ad13959b522493"
dependencies = [
 "ahash",
 "ascii",
 "atty",
 "bitflags",
 "bstr",
 "caseless",
 "cfg-if",
 "chrono",
 "crossbeam-utils",
 "exitcode",
 "getrandom",
 "glob",
 "half",
 "hex",
 "indexmap",
 "is-macro",
 "itertools",
 "junction",
 "libc",
 "log",
 "malachite-bigint",
 "memchr",
 "memoffset",
 "nix 0.27.1",
 "num-complex",
 "num-integer",
 "num-traits",
 "num_cpus",
 "num_enum",
 "once_cell",
 "optional",
 "parking_lot",
 "paste",
 "rand",
 "result-like",
 "rustc_version",
 "rustpython-ast",
 "rustpython-codegen",
 "rustpython-common",
 "rustpython-compiler",
 "rustpython-compiler-core",
 "rustpython-derive",
 "rustpython-format",
 "rustpython-literal",
 "rustpython-parser",
 "rustpython-parser-core",
 "rustpython-sre_engine",
 "rustyline",
 "schannel",
 "static_assertions",
 "strum",
 "strum_macros",
 "thiserror",
 "thread_local",
 "timsort",
 "uname",
 "unic-ucd-bidi",
 "unic-ucd-category",
 "unic-ucd-ident",
 "unicode-casing",
 "unicode_names2",
 "wasm-bindgen",
 "which",
 "widestring",
 "windows",
 "windows-sys 0.52.0",
 "winreg",
]

[[package]]
name = "rustversion"
version = "1.0.17"
source = "registry+https://github.com/rust-lang/crates.io-index"
checksum = "955d28af4278de8121b7ebeb796b6a45735dc01436d898801014aced2773a3d6"

[[package]]
name = "rustyline"
version = "14.0.0"
source = "registry+https://github.com/rust-lang/crates.io-index"
checksum = "7803e8936da37efd9b6d4478277f4b2b9bb5cdb37a113e8d63222e58da647e63"
dependencies = [
 "bitflags",
 "cfg-if",
 "clipboard-win",
 "fd-lock",
 "home",
 "libc",
 "log",
 "memchr",
 "nix 0.28.0",
 "radix_trie",
 "unicode-segmentation",
 "unicode-width",
 "utf8parse",
 "windows-sys 0.52.0",
]

[[package]]
name = "ryu"
version = "1.0.18"
source = "registry+https://github.com/rust-lang/crates.io-index"
checksum = "f3cb5ba0dc43242ce17de99c180e96db90b235b8a9fdc9543c96d2209116bd9f"

[[package]]
name = "schannel"
version = "0.1.24"
source = "registry+https://github.com/rust-lang/crates.io-index"
checksum = "e9aaafd5a2b6e3d657ff009d82fbd630b6bd54dd4eb06f21693925cdf80f9b8b"
dependencies = [
 "windows-sys 0.59.0",
]

[[package]]
name = "scopeguard"
version = "1.2.0"
source = "registry+https://github.com/rust-lang/crates.io-index"
checksum = "94143f37725109f92c262ed2cf5e59bce7498c01bcc1502d7b9afe439a4e9f49"

[[package]]
name = "semver"
version = "1.0.23"
source = "registry+https://github.com/rust-lang/crates.io-index"
checksum = "61697e0a1c7e512e84a621326239844a24d8207b4669b41bc18b32ea5cbf988b"

[[package]]
name = "shlex"
version = "1.3.0"
source = "registry+https://github.com/rust-lang/crates.io-index"
checksum = "0fda2ff0d084019ba4d7c6f371c95d8fd75ce3524c3cb8fb653a3023f6323e64"

[[package]]
name = "siphasher"
version = "0.3.11"
source = "registry+https://github.com/rust-lang/crates.io-index"
checksum = "38b58827f4464d87d377d175e90bf58eb00fd8716ff0a62f80356b5e61555d0d"

[[package]]
name = "smallvec"
version = "1.13.2"
source = "registry+https://github.com/rust-lang/crates.io-index"
checksum = "3c5e1a9a646d36c3599cd173a41282daf47c44583ad367b8e6837255952e5c67"

[[package]]
name = "static_assertions"
version = "1.1.0"
source = "registry+https://github.com/rust-lang/crates.io-index"
checksum = "a2eb9349b6444b326872e140eb1cf5e7c522154d69e7a0ffb0fb81c06b37543f"

[[package]]
name = "strum"
version = "0.24.1"
source = "registry+https://github.com/rust-lang/crates.io-index"
checksum = "063e6045c0e62079840579a7e47a355ae92f60eb74daaf156fb1e84ba164e63f"

[[package]]
name = "strum_macros"
version = "0.24.3"
source = "registry+https://github.com/rust-lang/crates.io-index"
checksum = "1e385be0d24f186b4ce2f9982191e7101bb737312ad61c1f2f984f34bcf85d59"
dependencies = [
 "heck",
 "proc-macro2",
 "quote",
 "rustversion",
 "syn 1.0.109",
]

[[package]]
name = "syn"
version = "1.0.109"
source = "registry+https://github.com/rust-lang/crates.io-index"
checksum = "72b64191b275b66ffe2469e8af2c1cfe3bafa67b529ead792a6d0160888b4237"
dependencies = [
 "proc-macro2",
 "quote",
 "unicode-ident",
]

[[package]]
name = "syn"
version = "2.0.79"
source = "registry+https://github.com/rust-lang/crates.io-index"
checksum = "89132cd0bf050864e1d38dc3bbc07a0eb8e7530af26344d3d2bbbef83499f590"
dependencies = [
 "proc-macro2",
 "quote",
 "unicode-ident",
]

[[package]]
name = "syn-ext"
version = "0.4.0"
source = "registry+https://github.com/rust-lang/crates.io-index"
checksum = "9b86cb2b68c5b3c078cac02588bc23f3c04bb828c5d3aedd17980876ec6a7be6"
dependencies = [
 "syn 1.0.109",
]

[[package]]
name = "textwrap"
version = "0.15.2"
source = "registry+https://github.com/rust-lang/crates.io-index"
checksum = "b7b3e525a49ec206798b40326a44121291b530c963cfb01018f63e135bac543d"

[[package]]
name = "thiserror"
version = "1.0.64"
source = "registry+https://github.com/rust-lang/crates.io-index"
checksum = "d50af8abc119fb8bb6dbabcfa89656f46f84aa0ac7688088608076ad2b459a84"
dependencies = [
 "thiserror-impl",
]

[[package]]
name = "thiserror-impl"
version = "1.0.64"
source = "registry+https://github.com/rust-lang/crates.io-index"
checksum = "08904e7672f5eb876eaaf87e0ce17857500934f4981c4a0ab2b4aa98baac7fc3"
dependencies = [
 "proc-macro2",
 "quote",
 "syn 2.0.79",
]

[[package]]
name = "thread_local"
version = "1.1.8"
source = "registry+https://github.com/rust-lang/crates.io-index"
checksum = "8b9ef9bad013ada3808854ceac7b46812a6465ba368859a37e2100283d2d719c"
dependencies = [
 "cfg-if",
 "once_cell",
]

[[package]]
name = "timsort"
version = "0.1.3"
source = "registry+https://github.com/rust-lang/crates.io-index"
checksum = "639ce8ef6d2ba56be0383a94dd13b92138d58de44c62618303bb798fa92bdc00"

[[package]]
name = "tiny-keccak"
version = "2.0.2"
source = "registry+https://github.com/rust-lang/crates.io-index"
checksum = "2c9d3793400a45f954c52e73d068316d76b6f4e36977e3fcebb13a2721e80237"
dependencies = [
 "crunchy",
]

[[package]]
name = "tinyvec"
version = "1.8.0"
source = "registry+https://github.com/rust-lang/crates.io-index"
checksum = "445e881f4f6d382d5f27c034e25eb92edd7c784ceab92a0937db7f2e9471b938"
dependencies = [
 "tinyvec_macros",
]

[[package]]
name = "tinyvec_macros"
version = "0.1.1"
source = "registry+https://github.com/rust-lang/crates.io-index"
checksum = "1f3ccbac311fea05f86f61904b462b55fb3df8837a366dfc601a0161d0532f20"

[[package]]
name = "toml_datetime"
version = "0.6.8"
source = "registry+https://github.com/rust-lang/crates.io-index"
checksum = "0dd7358ecb8fc2f8d014bf86f6f638ce72ba252a2c3a2572f2a795f1d23efb41"

[[package]]
name = "toml_edit"
version = "0.22.22"
source = "registry+https://github.com/rust-lang/crates.io-index"
checksum = "4ae48d6208a266e853d946088ed816055e556cc6028c5e8e2b84d9fa5dd7c7f5"
dependencies = [
 "indexmap",
 "toml_datetime",
 "winnow",
]

[[package]]
name = "twox-hash"
version = "1.6.3"
source = "registry+https://github.com/rust-lang/crates.io-index"
checksum = "97fee6b57c6a41524a810daee9286c02d7752c4253064d0b05472833a438f675"
dependencies = [
 "cfg-if",
 "static_assertions",
]

[[package]]
name = "uname"
version = "0.1.1"
source = "registry+https://github.com/rust-lang/crates.io-index"
checksum = "b72f89f0ca32e4db1c04e2a72f5345d59796d4866a1ee0609084569f73683dc8"
dependencies = [
 "libc",
]

[[package]]
name = "unic-char-property"
version = "0.9.0"
source = "registry+https://github.com/rust-lang/crates.io-index"
checksum = "a8c57a407d9b6fa02b4795eb81c5b6652060a15a7903ea981f3d723e6c0be221"
dependencies = [
 "unic-char-range",
]

[[package]]
name = "unic-char-range"
version = "0.9.0"
source = "registry+https://github.com/rust-lang/crates.io-index"
checksum = "0398022d5f700414f6b899e10b8348231abf9173fa93144cbc1a43b9793c1fbc"

[[package]]
name = "unic-common"
version = "0.9.0"
source = "registry+https://github.com/rust-lang/crates.io-index"
checksum = "80d7ff825a6a654ee85a63e80f92f054f904f21e7d12da4e22f9834a4aaa35bc"

[[package]]
name = "unic-emoji-char"
version = "0.9.0"
source = "registry+https://github.com/rust-lang/crates.io-index"
checksum = "0b07221e68897210270a38bde4babb655869637af0f69407f96053a34f76494d"
dependencies = [
 "unic-char-property",
 "unic-char-range",
 "unic-ucd-version",
]

[[package]]
name = "unic-ucd-bidi"
version = "0.9.0"
source = "registry+https://github.com/rust-lang/crates.io-index"
checksum = "d1d568b51222484e1f8209ce48caa6b430bf352962b877d592c29ab31fb53d8c"
dependencies = [
 "unic-char-property",
 "unic-char-range",
 "unic-ucd-version",
]

[[package]]
name = "unic-ucd-category"
version = "0.9.0"
source = "registry+https://github.com/rust-lang/crates.io-index"
checksum = "1b8d4591f5fcfe1bd4453baaf803c40e1b1e69ff8455c47620440b46efef91c0"
dependencies = [
 "matches",
 "unic-char-property",
 "unic-char-range",
 "unic-ucd-version",
]

[[package]]
name = "unic-ucd-ident"
version = "0.9.0"
source = "registry+https://github.com/rust-lang/crates.io-index"
checksum = "e230a37c0381caa9219d67cf063aa3a375ffed5bf541a452db16e744bdab6987"
dependencies = [
 "unic-char-property",
 "unic-char-range",
 "unic-ucd-version",
]

[[package]]
name = "unic-ucd-version"
version = "0.9.0"
source = "registry+https://github.com/rust-lang/crates.io-index"
checksum = "96bd2f2237fe450fcd0a1d2f5f4e91711124f7857ba2e964247776ebeeb7b0c4"
dependencies = [
 "unic-common",
]

[[package]]
name = "unicode-casing"
version = "0.1.0"
source = "registry+https://github.com/rust-lang/crates.io-index"
checksum = "623f59e6af2a98bdafeb93fa277ac8e1e40440973001ca15cf4ae1541cd16d56"

[[package]]
name = "unicode-ident"
version = "1.0.13"
source = "registry+https://github.com/rust-lang/crates.io-index"
checksum = "e91b56cd4cadaeb79bbf1a5645f6b4f8dc5bde8834ad5894a8db35fda9efa1fe"

[[package]]
name = "unicode-normalization"
version = "0.1.24"
source = "registry+https://github.com/rust-lang/crates.io-index"
checksum = "5033c97c4262335cded6d6fc3e5c18ab755e1a3dc96376350f3d8e9f009ad956"
dependencies = [
 "tinyvec",
]

[[package]]
name = "unicode-segmentation"
version = "1.12.0"
source = "registry+https://github.com/rust-lang/crates.io-index"
checksum = "f6ccf251212114b54433ec949fd6a7841275f9ada20dddd2f29e9ceea4501493"

[[package]]
name = "unicode-width"
version = "0.1.14"
source = "registry+https://github.com/rust-lang/crates.io-index"
checksum = "7dd6e30e90baa6f72411720665d41d89b9a3d039dc45b8faea1ddd07f617f6af"

[[package]]
name = "unicode_names2"
version = "1.3.0"
source = "registry+https://github.com/rust-lang/crates.io-index"
checksum = "d1673eca9782c84de5f81b82e4109dcfb3611c8ba0d52930ec4a9478f547b2dd"
dependencies = [
 "phf",
 "unicode_names2_generator",
]

[[package]]
name = "unicode_names2_generator"
version = "1.3.0"
source = "registry+https://github.com/rust-lang/crates.io-index"
checksum = "b91e5b84611016120197efd7dc93ef76774f4e084cd73c9fb3ea4a86c570c56e"
dependencies = [
 "getopts",
 "log",
 "phf_codegen",
 "rand",
]

[[package]]
name = "utf8parse"
version = "0.2.2"
source = "registry+https://github.com/rust-lang/crates.io-index"
checksum = "06abde3611657adf66d383f00b093d7faecc7fa57071cce2578660c9f1010821"

[[package]]
name = "version_check"
version = "0.9.5"
source = "registry+https://github.com/rust-lang/crates.io-index"
checksum = "0b928f33d975fc6ad9f86c8f283853ad26bdd5b10b7f1542aa2fa15e2289105a"

[[package]]
name = "volatile"
version = "0.3.0"
source = "registry+https://github.com/rust-lang/crates.io-index"
checksum = "f8e76fae08f03f96e166d2dfda232190638c10e0383841252416f9cfe2ae60e6"

[[package]]
name = "wasi"
version = "0.11.0+wasi-snapshot-preview1"
source = "registry+https://github.com/rust-lang/crates.io-index"
checksum = "9c8d87e72b64a3b4db28d11ce29237c246188f4f51057d65a7eab63b7987e423"

[[package]]
name = "wasm-bindgen"
version = "0.2.93"
source = "registry+https://github.com/rust-lang/crates.io-index"
checksum = "a82edfc16a6c469f5f44dc7b571814045d60404b55a0ee849f9bcfa2e63dd9b5"
dependencies = [
 "cfg-if",
 "once_cell",
 "wasm-bindgen-macro",
]

[[package]]
name = "wasm-bindgen-backend"
version = "0.2.93"
source = "registry+https://github.com/rust-lang/crates.io-index"
checksum = "9de396da306523044d3302746f1208fa71d7532227f15e347e2d93e4145dd77b"
dependencies = [
 "bumpalo",
 "log",
 "once_cell",
 "proc-macro2",
 "quote",
 "syn 2.0.79",
 "wasm-bindgen-shared",
]

[[package]]
name = "wasm-bindgen-macro"
version = "0.2.93"
source = "registry+https://github.com/rust-lang/crates.io-index"
checksum = "585c4c91a46b072c92e908d99cb1dcdf95c5218eeb6f3bf1efa991ee7a68cccf"
dependencies = [
 "quote",
 "wasm-bindgen-macro-support",
]

[[package]]
name = "wasm-bindgen-macro-support"
version = "0.2.93"
source = "registry+https://github.com/rust-lang/crates.io-index"
checksum = "afc340c74d9005395cf9dd098506f7f44e38f2b4a21c6aaacf9a105ea5e1e836"
dependencies = [
 "proc-macro2",
 "quote",
 "syn 2.0.79",
 "wasm-bindgen-backend",
 "wasm-bindgen-shared",
]

[[package]]
name = "wasm-bindgen-shared"
version = "0.2.93"
source = "registry+https://github.com/rust-lang/crates.io-index"
checksum = "c62a0a307cb4a311d3a07867860911ca130c3494e8c2719593806c08bc5d0484"

[[package]]
name = "which"
version = "4.4.2"
source = "registry+https://github.com/rust-lang/crates.io-index"
checksum = "87ba24419a2078cd2b0f2ede2691b6c66d8e47836da3b6db8265ebad47afbfc7"
dependencies = [
 "either",
 "home",
 "once_cell",
 "rustix",
]

[[package]]
name = "widestring"
version = "1.1.0"
source = "registry+https://github.com/rust-lang/crates.io-index"
checksum = "7219d36b6eac893fa81e84ebe06485e7dcbb616177469b142df14f1f4deb1311"

[[package]]
name = "winapi"
version = "0.3.9"
source = "registry+https://github.com/rust-lang/crates.io-index"
checksum = "5c839a674fcd7a98952e593242ea400abe93992746761e38641405d28b00f419"
dependencies = [
 "winapi-i686-pc-windows-gnu",
 "winapi-x86_64-pc-windows-gnu",
]

[[package]]
name = "winapi-i686-pc-windows-gnu"
version = "0.4.0"
source = "registry+https://github.com/rust-lang/crates.io-index"
checksum = "ac3b87c63620426dd9b991e5ce0329eff545bccbbb34f3be09ff6fb6ab51b7b6"

[[package]]
name = "winapi-x86_64-pc-windows-gnu"
version = "0.4.0"
source = "registry+https://github.com/rust-lang/crates.io-index"
checksum = "712e227841d057c1ee1cd2fb22fa7e5a5461ae8e48fa2ca79ec42cfc1931183f"

[[package]]
name = "windows"
version = "0.52.0"
source = "registry+https://github.com/rust-lang/crates.io-index"
checksum = "e48a53791691ab099e5e2ad123536d0fff50652600abaf43bbf952894110d0be"
dependencies = [
 "windows-core",
 "windows-targets",
]

[[package]]
name = "windows-core"
version = "0.52.0"
source = "registry+https://github.com/rust-lang/crates.io-index"
checksum = "33ab640c8d7e35bf8ba19b884ba838ceb4fba93a4e8c65a9059d08afcfc683d9"
dependencies = [
 "windows-targets",
]

[[package]]
name = "windows-sys"
version = "0.52.0"
source = "registry+https://github.com/rust-lang/crates.io-index"
checksum = "282be5f36a8ce781fad8c8ae18fa3f9beff57ec1b52cb3de0789201425d9a33d"
dependencies = [
 "windows-targets",
]

[[package]]
name = "windows-sys"
version = "0.59.0"
source = "registry+https://github.com/rust-lang/crates.io-index"
checksum = "1e38bc4d79ed67fd075bcc251a1c39b32a1776bbe92e5bef1f0bf1f8c531853b"
dependencies = [
 "windows-targets",
]

[[package]]
name = "windows-targets"
version = "0.52.6"
source = "registry+https://github.com/rust-lang/crates.io-index"
checksum = "9b724f72796e036ab90c1021d4780d4d3d648aca59e491e6b98e725b84e99973"
dependencies = [
 "windows_aarch64_gnullvm",
 "windows_aarch64_msvc",
 "windows_i686_gnu",
 "windows_i686_gnullvm",
 "windows_i686_msvc",
 "windows_x86_64_gnu",
 "windows_x86_64_gnullvm",
 "windows_x86_64_msvc",
]

[[package]]
name = "windows_aarch64_gnullvm"
version = "0.52.6"
source = "registry+https://github.com/rust-lang/crates.io-index"
checksum = "32a4622180e7a0ec044bb555404c800bc9fd9ec262ec147edd5989ccd0c02cd3"

[[package]]
name = "windows_aarch64_msvc"
version = "0.52.6"
source = "registry+https://github.com/rust-lang/crates.io-index"
checksum = "09ec2a7bb152e2252b53fa7803150007879548bc709c039df7627cabbd05d469"

[[package]]
name = "windows_i686_gnu"
version = "0.52.6"
source = "registry+https://github.com/rust-lang/crates.io-index"
checksum = "8e9b5ad5ab802e97eb8e295ac6720e509ee4c243f69d781394014ebfe8bbfa0b"

[[package]]
name = "windows_i686_gnullvm"
version = "0.52.6"
source = "registry+https://github.com/rust-lang/crates.io-index"
checksum = "0eee52d38c090b3caa76c563b86c3a4bd71ef1a819287c19d586d7334ae8ed66"

[[package]]
name = "windows_i686_msvc"
version = "0.52.6"
source = "registry+https://github.com/rust-lang/crates.io-index"
checksum = "240948bc05c5e7c6dabba28bf89d89ffce3e303022809e73deaefe4f6ec56c66"

[[package]]
name = "windows_x86_64_gnu"
version = "0.52.6"
source = "registry+https://github.com/rust-lang/crates.io-index"
checksum = "147a5c80aabfbf0c7d901cb5895d1de30ef2907eb21fbbab29ca94c5b08b1a78"

[[package]]
name = "windows_x86_64_gnullvm"
version = "0.52.6"
source = "registry+https://github.com/rust-lang/crates.io-index"
checksum = "24d5b23dc417412679681396f2b49f3de8c1473deb516bd34410872eff51ed0d"

[[package]]
name = "windows_x86_64_msvc"
version = "0.52.6"
source = "registry+https://github.com/rust-lang/crates.io-index"
checksum = "589f6da84c646204747d1270a2a5661ea66ed1cced2631d546fdfb155959f9ec"

[[package]]
name = "winnow"
version = "0.6.20"
source = "registry+https://github.com/rust-lang/crates.io-index"
checksum = "36c1fec1a2bb5866f07c25f68c26e565c4c200aebb96d7e55710c19d3e8ac49b"
dependencies = [
 "memchr",
]

[[package]]
name = "winreg"
version = "0.10.1"
source = "registry+https://github.com/rust-lang/crates.io-index"
checksum = "80d0f4e272c85def139476380b12f9ac60926689dd2e01d4923222f40580869d"
dependencies = [
 "winapi",
]

[[package]]
name = "zerocopy"
version = "0.7.35"
source = "registry+https://github.com/rust-lang/crates.io-index"
checksum = "1b9b4fd18abc82b8136838da5d50bae7bdea537c574d8dc1a34ed098d6c166f0"
dependencies = [
 "byteorder",
 "zerocopy-derive",
]

[[package]]
name = "zerocopy-derive"
version = "0.7.35"
source = "registry+https://github.com/rust-lang/crates.io-index"
checksum = "fa4f8080344d4671fb4e831a13ad1e68092748387dfc4f55e356242fae12ce3e"
dependencies = [
 "proc-macro2",
 "quote",
 "syn 2.0.79",
]
